lockfileVersion: '9.0'

settings:
  autoInstallPeers: true
  excludeLinksFromLockfile: false

importers:

  .:
    dependencies:
      '@bufbuild/protobuf':
        specifier: ^2.11.0
        version: 2.11.0
    devDependencies:
      '@bufbuild/buf':
        specifier: ^1.67.0
        version: 1.67.0
      '@bufbuild/protoc-gen-es':
        specifier: ^2.11.0
        version: 2.11.0(@bufbuild/protobuf@2.11.0)

packages:

  '@bufbuild/buf-darwin-arm64@1.67.0':
    resolution: {integrity: sha512-9h/1E2FNCSIt9m4wriGiXt8gHrg8VBOOpmUPVr68axZxb17krPQrIZBPsx05yNpbyvSrPj26/jO2aoqpZsG1vw==}
    engines: {node: '>=12'}
    cpu: [arm64]
    os: [darwin]

  '@bufbuild/buf-darwin-x64@1.67.0':
    resolution: {integrity: sha512-9kNu0JBR+TQvxCD6NBooy03g8sLNZGEd0umkWHzdO/05HuV/J6GecMGx1kJ2MYlZQHM4/MljfIuYQUblP1nP4A==}
    engines: {node: '>=12'}
    cpu: [x64]
    os: [darwin]

  '@bufbuild/buf-linux-aarch64@1.67.0':
    resolution: {integrity: sha512-hlA20Oot20nW/9CzPBMPPPMfUarKvzqni+Njgrw8T43IFoQWQv8iIRoWWOgOQTGCm4PmjYwiojzEHOEaaKrzTg==}
    engines: {node: '>=12'}
    cpu: [arm64]
    os: [linux]

  '@bufbuild/buf-linux-armv7@1.67.0':
    resolution: {integrity: sha512-hO9FEEtloITNaxW89rzKUjAsgnX1+rth7IZbK0Z+ohatXdanYg7Kv66yWffytaYf2iHltTbY6W/H4C3x0Uimbg==}
    engines: {node: '>=12'}
    cpu: [arm]
    os: [linux]

  '@bufbuild/buf-linux-x64@1.67.0':
    resolution: {integrity: sha512-KBOWZ0NbhJSfXLM3JEX2AEs32jyHvTKD7wkIYudqOTxPUqwM1MXUg7m2Xw5nP1pcKH4RKS5HFijPMeOW/XUQ8Q==}
    engines: {node: '>=12'}
    cpu: [x64]
    os: [linux]

  '@bufbuild/buf-win32-arm64@1.67.0':
    resolution: {integrity: sha512-ARGPwOv0lkUp3FU7bUMpYzqoJInx2qkk1ECBEC9XZMnRKmhCbyzmBoBKChBBJhEyDFdzPivhjg//zk5AlQ3bFA==}
    engines: {node: '>=12'}
    cpu: [arm64]
    os: [win32]

  '@bufbuild/buf-win32-x64@1.67.0':
    resolution: {integrity: sha512-x9fkxEbjb2U4petBbESvNx+sfSQJONJxKOQzPfEKALksqRlvh7ktoHrYbygErnRZBSTNgrXzAqFI1GxMGEGSLQ==}
    engines: {node: '>=12'}
    cpu: [x64]
    os: [win32]

  '@bufbuild/buf@1.67.0':
    resolution: {integrity: sha512-BLfgGmNFiHM79PcaafFNiP/+xxbdyFp1neDDdJd6R0tu7McO+WgJHM6vyNYRm7vXOSgO1uUPE4X3YFdBgcWk2Q==}
    engines: {node: '>=12'}
    hasBin: true

  '@bufbuild/protobuf@2.11.0':
    resolution: {integrity: sha512-sBXGT13cpmPR5BMgHE6UEEfEaShh5Ror6rfN3yEK5si7QVrtZg8LEPQb0VVhiLRUslD2yLnXtnRzG035J/mZXQ==}

  '@bufbuild/protoc-gen-es@2.11.0':
    resolution: {integrity: sha512-VzQuwEQDXipbZ1soWUuAWm1Z0C3B/IDWGeysnbX6ogJ6As91C2mdvAND/ekQ4YIWgen4d5nqLfIBOWLqCCjYUA==}
    engines: {node: '>=20'}
    hasBin: true
    peerDependencies:
      '@bufbuild/protobuf': 2.11.0
    peerDependenciesMeta:
      '@bufbuild/protobuf':
        optional: true

  '@bufbuild/protoplugin@2.11.0':
    resolution: {integrity: sha512-lyZVNFUHArIOt4W0+dwYBe5GBwbKzbOy8ObaloEqsw9Mmiwv2O48TwddDoHN4itylC+BaEGqFdI1W8WQt2vWJQ==}

  '@typescript/vfs@1.6.4':
    resolution: {integrity: sha512-PJFXFS4ZJKiJ9Qiuix6Dz/OwEIqHD7Dme1UwZhTK11vR+5dqW2ACbdndWQexBzCx+CPuMe5WBYQWCsFyGlQLlQ==}
    peerDependencies:
      typescript: '*'

  debug@4.4.3:
    resolution: {integrity: sha512-RGwwWnwQvkVfavKVt22FGLw+xYSdzARwm0ru6DhTVA3umU5hZc28V3kO4stgYryrTlLpuvgI9GiijltAjNbcqA==}
    engines: {node: '>=6.0'}
    peerDependencies:
      supports-color: '*'
    peerDependenciesMeta:
      supports-color:
        optional: true

  ms@2.1.3:
    resolution: {integrity: sha512-6FlzubTLZG3J2a/NVCAleEhjzq5oxgHyaCU9yYXvcLsvoVaHJq/s5xXI6/XXP6tz7R9xAOtHnSO/tXtF3WRTlA==}

  typescript@5.4.5:
    resolution: {integrity: sha512-vcI4UpRgg81oIRUFwR0WSIHKt11nJ7SAVlYNIu+QpqeyXP+gpQJy/Z4+F0aGxSE4MqwjyXvW/TzgkLAx2AGHwQ==}
    engines: {node: '>=14.17'}
    hasBin: true

snapshots:

  '@bufbuild/buf-darwin-arm64@1.67.0':
    optional: true

  '@bufbuild/buf-darwin-x64@1.67.0':
    optional: true

  '@bufbuild/buf-linux-aarch64@1.67.0':
    optional: true

  '@bufbuild/buf-linux-armv7@1.67.0':
    optional: true

  '@bufbuild/buf-linux-x64@1.67.0':
    optional: true

  '@bufbuild/buf-win32-arm64@1.67.0':
    optional: true

  '@bufbuild/buf-win32-x64@1.67.0':
    optional: true

  '@bufbuild/buf@1.67.0':
    optionalDependencies:
      '@bufbuild/buf-darwin-arm64': 1.67.0
      '@bufbuild/buf-darwin-x64': 1.67.0
      '@bufbuild/buf-linux-aarch64': 1.67.0
      '@bufbuild/buf-linux-armv7': 1.67.0
      '@bufbuild/buf-linux-x64': 1.67.0
      '@bufbuild/buf-win32-arm64': 1.67.0
      '@bufbuild/buf-win32-x64': 1.67.0

  '@bufbuild/protobuf@2.11.0': {}

  '@bufbuild/protoc-gen-es@2.11.0(@bufbuild/protobuf@2.11.0)':
    dependencies:
      '@bufbuild/protoplugin': 2.11.0
    optionalDependencies:
      '@bufbuild/protobuf': 2.11.0
    transitivePeerDependencies:
      - supports-color

  '@bufbuild/protoplugin@2.11.0':
    dependencies:
      '@bufbuild/protobuf': 2.11.0
      '@typescript/vfs': 1.6.4(typescript@5.4.5)
      typescript: 5.4.5
    transitivePeerDependencies:
      - supports-color

  '@typescript/vfs@1.6.4(typescript@5.4.5)':
    dependencies:
      debug: 4.4.3
      typescript: 5.4.5
    transitivePeerDependencies:
      - supports-color

  debug@4.4.3:
    dependencies:
      ms: 2.1.3

  ms@2.1.3: {}

  typescript@5.4.5: {}
