lockfileVersion: '9.0'

settings:
  autoInstallPeers: true
  excludeLinksFromLockfile: false

importers:

  .:
    dependencies:
      '@bufbuild/protobuf':
        specifier: ^2.11.0
        version: 2.11.0
    devDependencies:
      '@bufbuild/buf':
        specifier: ^1.68.3
        version: 1.68.3
      '@bufbuild/protoc-gen-es':
        specifier: ^2.11.0
        version: 2.11.0(@bufbuild/protobuf@2.11.0)

packages:

  '@bufbuild/buf-darwin-arm64@1.68.3':
    resolution: {integrity: sha512-cj+rcA2qynCXQrl0Q1abJrljOv4VGBKWcmUpFr5j7pX74t2cQpj6QaGYiOAnNefDsEpc9PUW1khkK5qG6NwfLA==}
    engines: {node: '>=12'}
    cpu: [arm64]
    os: [darwin]

  '@bufbuild/buf-darwin-x64@1.68.3':
    resolution: {integrity: sha512-op86WkYmFXrElqQ8n5IFIB0Z27UIY+5wEknxvNmXdo6p16mBhjYD18O3v8NeqXfaFJqB2vzm/Re81ee9ekGGvQ==}
    engines: {node: '>=12'}
    cpu: [x64]
    os: [darwin]

  '@bufbuild/buf-linux-aarch64@1.68.3':
    resolution: {integrity: sha512-EhpOMj8BEDBNT92oGyMPsVrDwneUnNJrRFhE8yT9VcZ2j/QJm/WBHN9Jot8ZDwjOJX3PG3cd1OlcqW9mMoF9ug==}
    engines: {node: '>=12'}
    cpu: [arm64]
    os: [linux]

  '@bufbuild/buf-linux-armv7@1.68.3':
    resolution: {integrity: sha512-+Gl3DlZC6tnnVzSb/Nbifed4L/TBLrrJ5l6x1jcIps2yTX9L9pRswyI56Q3gI2EeEHl72FgN+amJ08jQ/T3tPg==}
    engines: {node: '>=12'}
    cpu: [arm]
    os: [linux]

  '@bufbuild/buf-linux-x64@1.68.3':
    resolution: {integrity: sha512-vqkrTmSa0rjV2WNfyJkM6wxMAZKhKH+l9LOp8J3Ur57h5g5NTzbmHTPG1RsGnkvciyQAJOs53Ic5xSmn+aQvpg==}
    engines: {node: '>=12'}
    cpu: [x64]
    os: [linux]

  '@bufbuild/buf-win32-arm64@1.68.3':
    resolution: {integrity: sha512-8SpU5ObBzLg4aGVYmxxgCwSiqpMqn733jc2SACBG3CDtXWlwQt44fPWKTYhHUOKnzotDsSGSXlCg4PErJD0lYw==}
    engines: {node: '>=12'}
    cpu: [arm64]
    os: [win32]

  '@bufbuild/buf-win32-x64@1.68.3':
    resolution: {integrity: sha512-kAwt5GHmmwL7PncWF34AJO6vU+0hseAPVXZ8X21NOvgQGrf1sgq1UTI3yFqBTU1WobREN4KU828YXhqNU7fh5A==}
    engines: {node: '>=12'}
    cpu: [x64]
    os: [win32]

  '@bufbuild/buf@1.68.3':
    resolution: {integrity: sha512-jyEetig84FyKBi6JQLqIieJt7rgp9VfnEH1VT4FaNQwfS6Ry8tK7+Gcm+DwURnnE26O1rjCAlbrK7qa3HanEvw==}
    engines: {node: '>=12'}
    hasBin: true

  '@bufbuild/protobuf@2.11.0':
    resolution: {integrity: sha512-sBXGT13cpmPR5BMgHE6UEEfEaShh5Ror6rfN3yEK5si7QVrtZg8LEPQb0VVhiLRUslD2yLnXtnRzG035J/mZXQ==}

  '@bufbuild/protoc-gen-es@2.11.0':
    resolution: {integrity: sha512-VzQuwEQDXipbZ1soWUuAWm1Z0C3B/IDWGeysnbX6ogJ6As91C2mdvAND/ekQ4YIWgen4d5nqLfIBOWLqCCjYUA==}
    engines: {node: '>=20'}
    hasBin: true
    peerDependencies:
      '@bufbuild/protobuf': 2.11.0
    peerDependenciesMeta:
      '@bufbuild/protobuf':
        optional: true

  '@bufbuild/protoplugin@2.11.0':
    resolution: {integrity: sha512-lyZVNFUHArIOt4W0+dwYBe5GBwbKzbOy8ObaloEqsw9Mmiwv2O48TwddDoHN4itylC+BaEGqFdI1W8WQt2vWJQ==}

  '@typescript/vfs@1.6.4':
    resolution: {integrity: sha512-PJFXFS4ZJKiJ9Qiuix6Dz/OwEIqHD7Dme1UwZhTK11vR+5dqW2ACbdndWQexBzCx+CPuMe5WBYQWCsFyGlQLlQ==}
    peerDependencies:
      typescript: '*'

  debug@4.4.3:
    resolution: {integrity: sha512-RGwwWnwQvkVfavKVt22FGLw+xYSdzARwm0ru6DhTVA3umU5hZc28V3kO4stgYryrTlLpuvgI9GiijltAjNbcqA==}
    engines: {node: '>=6.0'}
    peerDependencies:
      supports-color: '*'
    peerDependenciesMeta:
      supports-color:
        optional: true

  ms@2.1.3:
    resolution: {integrity: sha512-6FlzubTLZG3J2a/NVCAleEhjzq5oxgHyaCU9yYXvcLsvoVaHJq/s5xXI6/XXP6tz7R9xAOtHnSO/tXtF3WRTlA==}

  typescript@5.4.5:
    resolution: {integrity: sha512-vcI4UpRgg81oIRUFwR0WSIHKt11nJ7SAVlYNIu+QpqeyXP+gpQJy/Z4+F0aGxSE4MqwjyXvW/TzgkLAx2AGHwQ==}
    engines: {node: '>=14.17'}
    hasBin: true

snapshots:

  '@bufbuild/buf-darwin-arm64@1.68.3':
    optional: true

  '@bufbuild/buf-darwin-x64@1.68.3':
    optional: true

  '@bufbuild/buf-linux-aarch64@1.68.3':
    optional: true

  '@bufbuild/buf-linux-armv7@1.68.3':
    optional: true

  '@bufbuild/buf-linux-x64@1.68.3':
    optional: true

  '@bufbuild/buf-win32-arm64@1.68.3':
    optional: true

  '@bufbuild/buf-win32-x64@1.68.3':
    optional: true

  '@bufbuild/buf@1.68.3':
    optionalDependencies:
      '@bufbuild/buf-darwin-arm64': 1.68.3
      '@bufbuild/buf-darwin-x64': 1.68.3
      '@bufbuild/buf-linux-aarch64': 1.68.3
      '@bufbuild/buf-linux-armv7': 1.68.3
      '@bufbuild/buf-linux-x64': 1.68.3
      '@bufbuild/buf-win32-arm64': 1.68.3
      '@bufbuild/buf-win32-x64': 1.68.3

  '@bufbuild/protobuf@2.11.0': {}

  '@bufbuild/protoc-gen-es@2.11.0(@bufbuild/protobuf@2.11.0)':
    dependencies:
      '@bufbuild/protoplugin': 2.11.0
    optionalDependencies:
      '@bufbuild/protobuf': 2.11.0
    transitivePeerDependencies:
      - supports-color

  '@bufbuild/protoplugin@2.11.0':
    dependencies:
      '@bufbuild/protobuf': 2.11.0
      '@typescript/vfs': 1.6.4(typescript@5.4.5)
      typescript: 5.4.5
    transitivePeerDependencies:
      - supports-color

  '@typescript/vfs@1.6.4(typescript@5.4.5)':
    dependencies:
      debug: 4.4.3
      typescript: 5.4.5
    transitivePeerDependencies:
      - supports-color

  debug@4.4.3:
    dependencies:
      ms: 2.1.3

  ms@2.1.3: {}

  typescript@5.4.5: {}
