lockfileVersion: '9.0'

settings:
  autoInstallPeers: true
  excludeLinksFromLockfile: false

importers:

  .:
    dependencies:
      '@bufbuild/protobuf':
        specifier: ^2.11.0
        version: 2.11.0
    devDependencies:
      '@bufbuild/buf':
        specifier: ^1.66.0
        version: 1.66.0
      '@bufbuild/protoc-gen-es':
        specifier: ^2.11.0
        version: 2.11.0(@bufbuild/protobuf@2.11.0)

packages:

  '@bufbuild/buf-darwin-arm64@1.66.0':
    resolution: {integrity: sha512-C9orXX4SSVYKEumWFEO2T6xKrXsrvij0uS8kR20sHt9MYuFke14y6DfnAvXINPZrNpDiyOTldG7BPQtR40poRw==}
    engines: {node: '>=12'}
    cpu: [arm64]
    os: [darwin]

  '@bufbuild/buf-darwin-x64@1.66.0':
    resolution: {integrity: sha512-5I33S9UbimoBNCpOdMsmJHcW9NfxzKW5PsVrSyajpo+LL22Lfyha2ZO3JNhT/k3ZlGVvtpDAS9pRS0ouNKmGgA==}
    engines: {node: '>=12'}
    cpu: [x64]
    os: [darwin]

  '@bufbuild/buf-linux-aarch64@1.66.0':
    resolution: {integrity: sha512-KFz9HukP3ACKfSe0fo+XbxndQR0kKCVLVfUkoc6qPUTrKn9lACnah6HlUtBlwanK95vg+MIMvy0DWoLYUX9cuA==}
    engines: {node: '>=12'}
    cpu: [arm64]
    os: [linux]

  '@bufbuild/buf-linux-armv7@1.66.0':
    resolution: {integrity: sha512-W56iEZtnqB4ww9JCyhIipPrwZVe/zQ5I0pmWrJF8Daw67qvRYtvP3NSxtF5f0yAoB0tQAXDoqIiB/Ypl1UOz0g==}
    engines: {node: '>=12'}
    cpu: [arm]
    os: [linux]

  '@bufbuild/buf-linux-x64@1.66.0':
    resolution: {integrity: sha512-6AYYyc2O32jnDjjHbyW9Oqcehd+PMw+34qVo+wGfaEgGwC+fyoL2oxcEmzsPyEvhY4mkYJRXaCb8p90Ndzd2vQ==}
    engines: {node: '>=12'}
    cpu: [x64]
    os: [linux]

  '@bufbuild/buf-win32-arm64@1.66.0':
    resolution: {integrity: sha512-S+CD5NZ6q0HCI0g0PTVypjSQ63LsLm1Svd7yG1MjKz9mQ83Vl6rYXuzmYYVi2cww7w5tDew8sYASZETewvEuxg==}
    engines: {node: '>=12'}
    cpu: [arm64]
    os: [win32]

  '@bufbuild/buf-win32-x64@1.66.0':
    resolution: {integrity: sha512-uSPoWRaX8Qd5pHZt6zzRuZXr4Sdbqe4Pm1PmMax/SGUPacVpH1v9AGX1/BTgx+g+b4vLS5T4SGxTl9ngkQaY3Q==}
    engines: {node: '>=12'}
    cpu: [x64]
    os: [win32]

  '@bufbuild/buf@1.66.0':
    resolution: {integrity: sha512-JSZT6OT8uKG2frScYNOS3Y4E+7wg1KSPQMKfLlbZZFnBoXwMqDdsxQF7O5ucameU+3DKRs+yQFI8tNQjFJ5T2g==}
    engines: {node: '>=12'}
    hasBin: true

  '@bufbuild/protobuf@2.11.0':
    resolution: {integrity: sha512-sBXGT13cpmPR5BMgHE6UEEfEaShh5Ror6rfN3yEK5si7QVrtZg8LEPQb0VVhiLRUslD2yLnXtnRzG035J/mZXQ==}

  '@bufbuild/protoc-gen-es@2.11.0':
    resolution: {integrity: sha512-VzQuwEQDXipbZ1soWUuAWm1Z0C3B/IDWGeysnbX6ogJ6As91C2mdvAND/ekQ4YIWgen4d5nqLfIBOWLqCCjYUA==}
    engines: {node: '>=20'}
    hasBin: true
    peerDependencies:
      '@bufbuild/protobuf': 2.11.0
    peerDependenciesMeta:
      '@bufbuild/protobuf':
        optional: true

  '@bufbuild/protoplugin@2.11.0':
    resolution: {integrity: sha512-lyZVNFUHArIOt4W0+dwYBe5GBwbKzbOy8ObaloEqsw9Mmiwv2O48TwddDoHN4itylC+BaEGqFdI1W8WQt2vWJQ==}

  '@typescript/vfs@1.6.4':
    resolution: {integrity: sha512-PJFXFS4ZJKiJ9Qiuix6Dz/OwEIqHD7Dme1UwZhTK11vR+5dqW2ACbdndWQexBzCx+CPuMe5WBYQWCsFyGlQLlQ==}
    peerDependencies:
      typescript: '*'

  debug@4.4.3:
    resolution: {integrity: sha512-RGwwWnwQvkVfavKVt22FGLw+xYSdzARwm0ru6DhTVA3umU5hZc28V3kO4stgYryrTlLpuvgI9GiijltAjNbcqA==}
    engines: {node: '>=6.0'}
    peerDependencies:
      supports-color: '*'
    peerDependenciesMeta:
      supports-color:
        optional: true

  ms@2.1.3:
    resolution: {integrity: sha512-6FlzubTLZG3J2a/NVCAleEhjzq5oxgHyaCU9yYXvcLsvoVaHJq/s5xXI6/XXP6tz7R9xAOtHnSO/tXtF3WRTlA==}

  typescript@5.4.5:
    resolution: {integrity: sha512-vcI4UpRgg81oIRUFwR0WSIHKt11nJ7SAVlYNIu+QpqeyXP+gpQJy/Z4+F0aGxSE4MqwjyXvW/TzgkLAx2AGHwQ==}
    engines: {node: '>=14.17'}
    hasBin: true

snapshots:

  '@bufbuild/buf-darwin-arm64@1.66.0':
    optional: true

  '@bufbuild/buf-darwin-x64@1.66.0':
    optional: true

  '@bufbuild/buf-linux-aarch64@1.66.0':
    optional: true

  '@bufbuild/buf-linux-armv7@1.66.0':
    optional: true

  '@bufbuild/buf-linux-x64@1.66.0':
    optional: true

  '@bufbuild/buf-win32-arm64@1.66.0':
    optional: true

  '@bufbuild/buf-win32-x64@1.66.0':
    optional: true

  '@bufbuild/buf@1.66.0':
    optionalDependencies:
      '@bufbuild/buf-darwin-arm64': 1.66.0
      '@bufbuild/buf-darwin-x64': 1.66.0
      '@bufbuild/buf-linux-aarch64': 1.66.0
      '@bufbuild/buf-linux-armv7': 1.66.0
      '@bufbuild/buf-linux-x64': 1.66.0
      '@bufbuild/buf-win32-arm64': 1.66.0
      '@bufbuild/buf-win32-x64': 1.66.0

  '@bufbuild/protobuf@2.11.0': {}

  '@bufbuild/protoc-gen-es@2.11.0(@bufbuild/protobuf@2.11.0)':
    dependencies:
      '@bufbuild/protoplugin': 2.11.0
    optionalDependencies:
      '@bufbuild/protobuf': 2.11.0
    transitivePeerDependencies:
      - supports-color

  '@bufbuild/protoplugin@2.11.0':
    dependencies:
      '@bufbuild/protobuf': 2.11.0
      '@typescript/vfs': 1.6.4(typescript@5.4.5)
      typescript: 5.4.5
    transitivePeerDependencies:
      - supports-color

  '@typescript/vfs@1.6.4(typescript@5.4.5)':
    dependencies:
      debug: 4.4.3
      typescript: 5.4.5
    transitivePeerDependencies:
      - supports-color

  debug@4.4.3:
    dependencies:
      ms: 2.1.3

  ms@2.1.3: {}

  typescript@5.4.5: {}
